// !$*UTF8*$!
{
	archiveVersion = 1;
	classes = {
	};
	objectVersion = 56;
	objects = {

/* Begin PBXBuildFile section */
		8B35B1B52BBE39FC004F9A14 /* PathType.swift in Sources */ = {isa = PBXBuildFile; fileRef = 8B35B1B42BBE39FC004F9A14 /* PathType.swift */; };
		8B35B1B72BBE3A37004F9A14 /* Path.swift in Sources */ = {isa = PBXBuildFile; fileRef = 8B35B1B62BBE3A37004F9A14 /* Path.swift */; };
		8B35B1B92BBE3BD8004F9A14 /* HomeView.swift in Sources */ = {isa = PBXBuildFile; fileRef = 8B35B1B82BBE3BD8004F9A14 /* HomeView.swift */; };
		8B35B1BB2BBE3BDD004F9A14 /* TodoView.swift in Sources */ = {isa = PBXBuildFile; fileRef = 8B35B1BA2BBE3BDD004F9A14 /* TodoView.swift */; };
		8B35B1BD2BBE3BE3004F9A14 /* MemoView.swift in Sources */ = {isa = PBXBuildFile; fileRef = 8B35B1BC2BBE3BE3004F9A14 /* MemoView.swift */; };
		8B4DA5BB2BBE27930048B420 /* Color+.swift in Sources */ = {isa = PBXBuildFile; fileRef = 8B4DA5BA2BBE27930048B420 /* Color+.swift */; };
		8B4DA5C32BBE28CC0048B420 /* OnboardingContent.swift in Sources */ = {isa = PBXBuildFile; fileRef = 8B4DA5C22BBE28CC0048B420 /* OnboardingContent.swift */; };
		8B4DA5C52BBE29230048B420 /* OnboardingViewModel.swift in Sources */ = {isa = PBXBuildFile; fileRef = 8B4DA5C42BBE29230048B420 /* OnboardingViewModel.swift */; };
		8B4DA5C72BBE2A9A0048B420 /* OnboardingView.swift in Sources */ = {isa = PBXBuildFile; fileRef = 8B4DA5C62BBE2A9A0048B420 /* OnboardingView.swift */; };
		8BFEC3242BB602A80007ED57 /* VoiceMemoApp.swift in Sources */ = {isa = PBXBuildFile; fileRef = 8BFEC3232BB602A80007ED57 /* VoiceMemoApp.swift */; };
		8BFEC3262BB602A80007ED57 /* ContentView.swift in Sources */ = {isa = PBXBuildFile; fileRef = 8BFEC3252BB602A80007ED57 /* ContentView.swift */; };
		8BFEC32B2BB602AA0007ED57 /* Preview Assets.xcassets in Resources */ = {isa = PBXBuildFile; fileRef = 8BFEC32A2BB602AA0007ED57 /* Preview Assets.xcassets */; };
		8BFEC3382BB603BE0007ED57 /* AppDelegate.swift in Sources */ = {isa = PBXBuildFile; fileRef = 8BFEC3372BB603BE0007ED57 /* AppDelegate.swift */; };
		8BFEC33A2BB603FD0007ED57 /* LaunchScreen.storyboard in Resources */ = {isa = PBXBuildFile; fileRef = 8BFEC3392BB603FD0007ED57 /* LaunchScreen.storyboard */; };
		8BFEC34A2BB60C6D0007ED57 /* Assets.xcassets in Resources */ = {isa = PBXBuildFile; fileRef = 8BFEC3492BB60C6D0007ED57 /* Assets.xcassets */; };
/* End PBXBuildFile section */

/* Begin PBXFileReference section */
		8B35B1B42BBE39FC004F9A14 /* PathType.swift */ = {isa = PBXFileReference; lastKnownFileType = sourcecode.swift; path = PathType.swift; sourceTree = "<group>"; };
		8B35B1B62BBE3A37004F9A14 /* Path.swift */ = {isa = PBXFileReference; lastKnownFileType = sourcecode.swift; path = Path.swift; sourceTree = "<group>"; };
		8B35B1B82BBE3BD8004F9A14 /* HomeView.swift */ = {isa = PBXFileReference; lastKnownFileType = sourcecode.swift; path = HomeView.swift; sourceTree = "<group>"; };
		8B35B1BA2BBE3BDD004F9A14 /* TodoView.swift */ = {isa = PBXFileReference; lastKnownFileType = sourcecode.swift; path = TodoView.swift; sourceTree = "<group>"; };
		8B35B1BC2BBE3BE3004F9A14 /* MemoView.swift */ = {isa = PBXFileReference; lastKnownFileType = sourcecode.swift; path = MemoView.swift; sourceTree = "<group>"; };
		8B4DA5BA2BBE27930048B420 /* Color+.swift */ = {isa = PBXFileReference; lastKnownFileType = sourcecode.swift; path = "Color+.swift"; sourceTree = "<group>"; };
		8B4DA5C22BBE28CC0048B420 /* OnboardingContent.swift */ = {isa = PBXFileReference; lastKnownFileType = sourcecode.swift; path = OnboardingContent.swift; sourceTree = "<group>"; };
		8B4DA5C42BBE29230048B420 /* OnboardingViewModel.swift */ = {isa = PBXFileReference; lastKnownFileType = sourcecode.swift; path = OnboardingViewModel.swift; sourceTree = "<group>"; };
		8B4DA5C62BBE2A9A0048B420 /* OnboardingView.swift */ = {isa = PBXFileReference; lastKnownFileType = sourcecode.swift; path = OnboardingView.swift; sourceTree = "<group>"; };
		8BFEC3202BB602A80007ED57 /* VoiceMemo.app */ = {isa = PBXFileReference; explicitFileType = wrapper.application; includeInIndex = 0; path = VoiceMemo.app; sourceTree = BUILT_PRODUCTS_DIR; };
		8BFEC3232BB602A80007ED57 /* VoiceMemoApp.swift */ = {isa = PBXFileReference; lastKnownFileType = sourcecode.swift; path = VoiceMemoApp.swift; sourceTree = "<group>"; };
		8BFEC3252BB602A80007ED57 /* ContentView.swift */ = {isa = PBXFileReference; lastKnownFileType = sourcecode.swift; path = ContentView.swift; sourceTree = "<group>"; };
		8BFEC32A2BB602AA0007ED57 /* Preview Assets.xcassets */ = {isa = PBXFileReference; lastKnownFileType = folder.assetcatalog; path = "Preview Assets.xcassets"; sourceTree = "<group>"; };
		8BFEC3312BB603010007ED57 /* Info.plist */ = {isa = PBXFileReference; lastKnownFileType = text.plist; path = Info.plist; sourceTree = "<group>"; };
		8BFEC3372BB603BE0007ED57 /* AppDelegate.swift */ = {isa = PBXFileReference; lastKnownFileType = sourcecode.swift; path = AppDelegate.swift; sourceTree = "<group>"; };
		8BFEC3392BB603FD0007ED57 /* LaunchScreen.storyboard */ = {isa = PBXFileReference; lastKnownFileType = file.storyboard; path = LaunchScreen.storyboard; sourceTree = "<group>"; };
		8BFEC3492BB60C6D0007ED57 /* Assets.xcassets */ = {isa = PBXFileReference; lastKnownFileType = folder.assetcatalog; path = Assets.xcassets; sourceTree = "<group>"; };
/* End PBXFileReference section */

/* Begin PBXFrameworksBuildPhase section */
		8BFEC31D2BB602A80007ED57 /* Frameworks */ = {
			isa = PBXFrameworksBuildPhase;
			buildActionMask = 2147483647;
			files = (
			);
			runOnlyForDeploymentPostprocessing = 0;
		};
/* End PBXFrameworksBuildPhase section */

/* Begin PBXGroup section */
		8B4DA5BC2BBE288F0048B420 /* Timer */ = {
			isa = PBXGroup;
			children = (
			);
			path = Timer;
			sourceTree = "<group>";
		};
		8B4DA5BD2BBE28940048B420 /* Memo */ = {
			isa = PBXGroup;
			children = (
			);
			path = Memo;
			sourceTree = "<group>";
		};
		8B4DA5BE2BBE289A0048B420 /* Todo */ = {
			isa = PBXGroup;
			children = (
			);
			path = Todo;
			sourceTree = "<group>";
		};
		8B4DA5BF2BBE28AB0048B420 /* Home */ = {
			isa = PBXGroup;
			children = (
			);
			path = Home;
			sourceTree = "<group>";
		};
		8B4DA5C02BBE28B00048B420 /* Onboarding */ = {
			isa = PBXGroup;
			children = (
				8B4DA5C22BBE28CC0048B420 /* OnboardingContent.swift */,
			);
			path = Onboarding;
			sourceTree = "<group>";
		};
		8B4DA5C12BBE28B90048B420 /* Path */ = {
			isa = PBXGroup;
			children = (
				8B35B1B62BBE3A37004F9A14 /* Path.swift */,
				8B35B1B42BBE39FC004F9A14 /* PathType.swift */,
			);
			path = Path;
			sourceTree = "<group>";
		};
		8BFEC3172BB602A80007ED57 = {
			isa = PBXGroup;
			children = (
				8BFEC3222BB602A80007ED57 /* VoiceMemo */,
				8BFEC3212BB602A80007ED57 /* Products */,
			);
			sourceTree = "<group>";
		};
		8BFEC3212BB602A80007ED57 /* Products */ = {
			isa = PBXGroup;
			children = (
				8BFEC3202BB602A80007ED57 /* VoiceMemo.app */,
			);
			name = Products;
			sourceTree = "<group>";
		};
		8BFEC3222BB602A80007ED57 /* VoiceMemo */ = {
			isa = PBXGroup;
			children = (
				8BFEC3322BB603770007ED57 /* App */,
				8BFEC3332BB603970007ED57 /* Core */,
				8BFEC3342BB6039C0007ED57 /* Component */,
				8BFEC3352BB603A10007ED57 /* Feature */,
				8BFEC3362BB603A70007ED57 /* Model */,
				8BFEC3252BB602A80007ED57 /* ContentView.swift */,
				8BFEC3312BB603010007ED57 /* Info.plist */,
				8BFEC3492BB60C6D0007ED57 /* Assets.xcassets */,
				8BFEC3292BB602AA0007ED57 /* Preview Content */,
			);
			path = VoiceMemo;
			sourceTree = "<group>";
		};
		8BFEC3292BB602AA0007ED57 /* Preview Content */ = {
			isa = PBXGroup;
			children = (
				8BFEC32A2BB602AA0007ED57 /* Preview Assets.xcassets */,
			);
			path = "Preview Content";
			sourceTree = "<group>";
		};
		8BFEC3322BB603770007ED57 /* App */ = {
			isa = PBXGroup;
			children = (
				8BFEC3232BB602A80007ED57 /* VoiceMemoApp.swift */,
				8BFEC3372BB603BE0007ED57 /* AppDelegate.swift */,
				8BFEC3392BB603FD0007ED57 /* LaunchScreen.storyboard */,
			);
			path = App;
			sourceTree = "<group>";
		};
		8BFEC3332BB603970007ED57 /* Core */ = {
			isa = PBXGroup;
			children = (
				8BFEC33B2BB604330007ED57 /* Service */,
				8BFEC33C2BB6043A0007ED57 /* Extension */,
			);
			path = Core;
			sourceTree = "<group>";
		};
		8BFEC3342BB6039C0007ED57 /* Component */ = {
			isa = PBXGroup;
			children = (
				8BFEC33D2BB604700007ED57 /* CustomView */,
				8BFEC33E2BB604790007ED57 /* NavigationBar */,
			);
			path = Component;
			sourceTree = "<group>";
		};
		8BFEC3352BB603A10007ED57 /* Feature */ = {
			isa = PBXGroup;
			children = (
				8BFEC3402BB604A50007ED57 /* Home */,
				8BFEC33F2BB6049B0007ED57 /* Onboarding */,
			);
			path = Feature;
			sourceTree = "<group>";
		};
		8BFEC3362BB603A70007ED57 /* Model */ = {
			isa = PBXGroup;
			children = (
				8B4DA5C12BBE28B90048B420 /* Path */,
				8B4DA5C02BBE28B00048B420 /* Onboarding */,
				8B4DA5BF2BBE28AB0048B420 /* Home */,
				8B4DA5BE2BBE289A0048B420 /* Todo */,
				8B4DA5BD2BBE28940048B420 /* Memo */,
				8B4DA5BC2BBE288F0048B420 /* Timer */,
			);
			path = Model;
			sourceTree = "<group>";
		};
		8BFEC33B2BB604330007ED57 /* Service */ = {
			isa = PBXGroup;
			children = (
			);
			path = Service;
			sourceTree = "<group>";
		};
		8BFEC33C2BB6043A0007ED57 /* Extension */ = {
			isa = PBXGroup;
			children = (
				8B4DA5BA2BBE27930048B420 /* Color+.swift */,
			);
			path = Extension;
			sourceTree = "<group>";
		};
		8BFEC33D2BB604700007ED57 /* CustomView */ = {
			isa = PBXGroup;
			children = (
			);
			path = CustomView;
			sourceTree = "<group>";
		};
		8BFEC33E2BB604790007ED57 /* NavigationBar */ = {
			isa = PBXGroup;
			children = (
			);
			path = NavigationBar;
			sourceTree = "<group>";
		};
		8BFEC33F2BB6049B0007ED57 /* Onboarding */ = {
			isa = PBXGroup;
			children = (
				8B4DA5C62BBE2A9A0048B420 /* OnboardingView.swift */,
				8B4DA5C42BBE29230048B420 /* OnboardingViewModel.swift */,
			);
			path = Onboarding;
			sourceTree = "<group>";
		};
		8BFEC3402BB604A50007ED57 /* Home */ = {
			isa = PBXGroup;
			children = (
				8B35B1B82BBE3BD8004F9A14 /* HomeView.swift */,
				8BFEC3452BB604F00007ED57 /* TodoList */,
				8BFEC3442BB604E90007ED57 /* MemoList */,
				8BFEC3432BB604DF0007ED57 /* VoiceRecorder */,
				8BFEC3422BB604D80007ED57 /* Timer */,
				8BFEC3412BB604CC0007ED57 /* Setting */,
			);
			path = Home;
			sourceTree = "<group>";
		};
		8BFEC3412BB604CC0007ED57 /* Setting */ = {
			isa = PBXGroup;
			children = (
			);
			path = Setting;
			sourceTree = "<group>";
		};
		8BFEC3422BB604D80007ED57 /* Timer */ = {
			isa = PBXGroup;
			children = (
			);
			path = Timer;
			sourceTree = "<group>";
		};
		8BFEC3432BB604DF0007ED57 /* VoiceRecorder */ = {
			isa = PBXGroup;
			children = (
			);
			path = VoiceRecorder;
			sourceTree = "<group>";
		};
		8BFEC3442BB604E90007ED57 /* MemoList */ = {
			isa = PBXGroup;
			children = (
				8B35B1BC2BBE3BE3004F9A14 /* MemoView.swift */,
			);
			path = MemoList;
			sourceTree = "<group>";
		};
		8BFEC3452BB604F00007ED57 /* TodoList */ = {
			isa = PBXGroup;
			children = (
				8B35B1BA2BBE3BDD004F9A14 /* TodoView.swift */,
			);
			path = TodoList;
			sourceTree = "<group>";
		};
/* End PBXGroup section */

/* Begin PBXNativeTarget section */
		8BFEC31F2BB602A80007ED57 /* VoiceMemo */ = {
			isa = PBXNativeTarget;
			buildConfigurationList = 8BFEC32E2BB602AA0007ED57 /* Build configuration list for PBXNativeTarget "VoiceMemo" */;
			buildPhases = (
				8BFEC31C2BB602A80007ED57 /* Sources */,
				8BFEC31D2BB602A80007ED57 /* Frameworks */,
				8BFEC31E2BB602A80007ED57 /* Resources */,
			);
			buildRules = (
			);
			dependencies = (
			);
			name = VoiceMemo;
			productName = VoiceMemo;
			productReference = 8BFEC3202BB602A80007ED57 /* VoiceMemo.app */;
			productType = "com.apple.product-type.application";
		};
/* End PBXNativeTarget section */

/* Begin PBXProject section */
		8BFEC3182BB602A80007ED57 /* Project object */ = {
			isa = PBXProject;
			attributes = {
				BuildIndependentTargetsInParallel = 1;
				LastSwiftUpdateCheck = 1530;
				LastUpgradeCheck = 1530;
				TargetAttributes = {
					8BFEC31F2BB602A80007ED57 = {
						CreatedOnToolsVersion = 15.3;
					};
				};
			};
			buildConfigurationList = 8BFEC31B2BB602A80007ED57 /* Build configuration list for PBXProject "VoiceMemo" */;
			compatibilityVersion = "Xcode 14.0";
			developmentRegion = en;
			hasScannedForEncodings = 0;
			knownRegions = (
				en,
				Base,
			);
			mainGroup = 8BFEC3172BB602A80007ED57;
			productRefGroup = 8BFEC3212BB602A80007ED57 /* Products */;
			projectDirPath = "";
			projectRoot = "";
			targets = (
				8BFEC31F2BB602A80007ED57 /* VoiceMemo */,
			);
		};
/* End PBXProject section */

/* Begin PBXResourcesBuildPhase section */
		8BFEC31E2BB602A80007ED57 /* Resources */ = {
			isa = PBXResourcesBuildPhase;
			buildActionMask = 2147483647;
			files = (
				8BFEC33A2BB603FD0007ED57 /* LaunchScreen.storyboard in Resources */,
				8BFEC34A2BB60C6D0007ED57 /* Assets.xcassets in Resources */,
				8BFEC32B2BB602AA0007ED57 /* Preview Assets.xcassets in Resources */,
			);
			runOnlyForDeploymentPostprocessing = 0;
		};
/* End PBXResourcesBuildPhase section */

/* Begin PBXSourcesBuildPhase section */
		8BFEC31C2BB602A80007ED57 /* Sources */ = {
			isa = PBXSourcesBuildPhase;
			buildActionMask = 2147483647;
			files = (
				8BFEC3382BB603BE0007ED57 /* AppDelegate.swift in Sources */,
				8B4DA5C52BBE29230048B420 /* OnboardingViewModel.swift in Sources */,
				8B4DA5C32BBE28CC0048B420 /* OnboardingContent.swift in Sources */,
				8B35B1B92BBE3BD8004F9A14 /* HomeView.swift in Sources */,
				8B4DA5BB2BBE27930048B420 /* Color+.swift in Sources */,
				8BFEC3262BB602A80007ED57 /* ContentView.swift in Sources */,
				8B35B1B52BBE39FC004F9A14 /* PathType.swift in Sources */,
				8BFEC3242BB602A80007ED57 /* VoiceMemoApp.swift in Sources */,
				8B35B1B72BBE3A37004F9A14 /* Path.swift in Sources */,
				8B35B1BB2BBE3BDD004F9A14 /* TodoView.swift in Sources */,
				8B35B1BD2BBE3BE3004F9A14 /* MemoView.swift in Sources */,
				8B4DA5C72BBE2A9A0048B420 /* OnboardingView.swift in Sources */,
			);
			runOnlyForDeploymentPostprocessing = 0;
		};
/* End PBXSourcesBuildPhase section */

/* Begin XCBuildConfiguration section */
		8BFEC32C2BB602AA0007ED57 /* Debug */ = {
			isa = XCBuildConfiguration;
			buildSettings = {
				ALWAYS_SEARCH_USER_PATHS = NO;
				ASSETCATALOG_COMPILER_GENERATE_SWIFT_ASSET_SYMBOL_EXTENSIONS = YES;
				CLANG_ANALYZER_NONNULL = YES;
				CLANG_ANALYZER_NUMBER_OBJECT_CONVERSION = YES_AGGRESSIVE;
				CLANG_CXX_LANGUAGE_STANDARD = "gnu++20";
				CLANG_ENABLE_MODULES = YES;
				CLANG_ENABLE_OBJC_ARC = YES;
				CLANG_ENABLE_OBJC_WEAK = YES;
				CLANG_WARN_BLOCK_CAPTURE_AUTORELEASING = YES;
				CLANG_WARN_BOOL_CONVERSION = YES;
				CLANG_WARN_COMMA = YES;
				CLANG_WARN_CONSTANT_CONVERSION = YES;
				CLANG_WARN_DEPRECATED_OBJC_IMPLEMENTATIONS = YES;
				CLANG_WARN_DIRECT_OBJC_ISA_USAGE = YES_ERROR;
				CLANG_WARN_DOCUMENTATION_COMMENTS = YES;
				CLANG_WARN_EMPTY_BODY = YES;
				CLANG_WARN_ENUM_CONVERSION = YES;
				CLANG_WARN_INFINITE_RECURSION = YES;
				CLANG_WARN_INT_CONVERSION = YES;
				CLANG_WARN_NON_LITERAL_NULL_CONVERSION = YES;
				CLANG_WARN_OBJC_IMPLICIT_RETAIN_SELF = YES;
				CLANG_WARN_OBJC_LITERAL_CONVERSION = YES;
				CLANG_WARN_OBJC_ROOT_CLASS = YES_ERROR;
				CLANG_WARN_QUOTED_INCLUDE_IN_FRAMEWORK_HEADER = YES;
				CLANG_WARN_RANGE_LOOP_ANALYSIS = YES;
				CLANG_WARN_STRICT_PROTOTYPES = YES;
				CLANG_WARN_SUSPICIOUS_MOVE = YES;
				CLANG_WARN_UNGUARDED_AVAILABILITY = YES_AGGRESSIVE;
				CLANG_WARN_UNREACHABLE_CODE = YES;
				CLANG_WARN__DUPLICATE_METHOD_MATCH = YES;
				COPY_PHASE_STRIP = NO;
				DEBUG_INFORMATION_FORMAT = dwarf;
				ENABLE_STRICT_OBJC_MSGSEND = YES;
				ENABLE_TESTABILITY = YES;
				ENABLE_USER_SCRIPT_SANDBOXING = YES;
				GCC_C_LANGUAGE_STANDARD = gnu17;
				GCC_DYNAMIC_NO_PIC = NO;
				GCC_NO_COMMON_BLOCKS = YES;
				GCC_OPTIMIZATION_LEVEL = 0;
				GCC_PREPROCESSOR_DEFINITIONS = (
					"DEBUG=1",
					"$(inherited)",
				);
				GCC_WARN_64_TO_32_BIT_CONVERSION = YES;
				GCC_WARN_ABOUT_RETURN_TYPE = YES_ERROR;
				GCC_WARN_UNDECLARED_SELECTOR = YES;
				GCC_WARN_UNINITIALIZED_AUTOS = YES_AGGRESSIVE;
				GCC_WARN_UNUSED_FUNCTION = YES;
				GCC_WARN_UNUSED_VARIABLE = YES;
				IPHONEOS_DEPLOYMENT_TARGET = 17.4;
				LOCALIZATION_PREFERS_STRING_CATALOGS = YES;
				MTL_ENABLE_DEBUG_INFO = INCLUDE_SOURCE;
				MTL_FAST_MATH = YES;
				ONLY_ACTIVE_ARCH = YES;
				SDKROOT = iphoneos;
				SWIFT_ACTIVE_COMPILATION_CONDITIONS = "DEBUG $(inherited)";
				SWIFT_OPTIMIZATION_LEVEL = "-Onone";
			};
			name = Debug;
		};
		8BFEC32D2BB602AA0007ED57 /* Release */ = {
			isa = XCBuildConfiguration;
			buildSettings = {
				ALWAYS_SEARCH_USER_PATHS = NO;
				ASSETCATALOG_COMPILER_GENERATE_SWIFT_ASSET_SYMBOL_EXTENSIONS = YES;
				CLANG_ANALYZER_NONNULL = YES;
				CLANG_ANALYZER_NUMBER_OBJECT_CONVERSION = YES_AGGRESSIVE;
				CLANG_CXX_LANGUAGE_STANDARD = "gnu++20";
				CLANG_ENABLE_MODULES = YES;
				CLANG_ENABLE_OBJC_ARC = YES;
				CLANG_ENABLE_OBJC_WEAK = YES;
				CLANG_WARN_BLOCK_CAPTURE_AUTORELEASING = YES;
				CLANG_WARN_BOOL_CONVERSION = YES;
				CLANG_WARN_COMMA = YES;
				CLANG_WARN_CONSTANT_CONVERSION = YES;
				CLANG_WARN_DEPRECATED_OBJC_IMPLEMENTATIONS = YES;
				CLANG_WARN_DIRECT_OBJC_ISA_USAGE = YES_ERROR;
				CLANG_WARN_DOCUMENTATION_COMMENTS = YES;
				CLANG_WARN_EMPTY_BODY = YES;
				CLANG_WARN_ENUM_CONVERSION = YES;
				CLANG_WARN_INFINITE_RECURSION = YES;
				CLANG_WARN_INT_CONVERSION = YES;
				CLANG_WARN_NON_LITERAL_NULL_CONVERSION = YES;
				CLANG_WARN_OBJC_IMPLICIT_RETAIN_SELF = YES;
				CLANG_WARN_OBJC_LITERAL_CONVERSION = YES;
				CLANG_WARN_OBJC_ROOT_CLASS = YES_ERROR;
				CLANG_WARN_QUOTED_INCLUDE_IN_FRAMEWORK_HEADER = YES;
				CLANG_WARN_RANGE_LOOP_ANALYSIS = YES;
				CLANG_WARN_STRICT_PROTOTYPES = YES;
				CLANG_WARN_SUSPICIOUS_MOVE = YES;
				CLANG_WARN_UNGUARDED_AVAILABILITY = YES_AGGRESSIVE;
				CLANG_WARN_UNREACHABLE_CODE = YES;
				CLANG_WARN__DUPLICATE_METHOD_MATCH = YES;
				COPY_PHASE_STRIP = NO;
				DEBUG_INFORMATION_FORMAT = "dwarf-with-dsym";
				ENABLE_NS_ASSERTIONS = NO;
				ENABLE_STRICT_OBJC_MSGSEND = YES;
				ENABLE_USER_SCRIPT_SANDBOXING = YES;
				GCC_C_LANGUAGE_STANDARD = gnu17;
				GCC_NO_COMMON_BLOCKS = YES;
				GCC_WARN_64_TO_32_BIT_CONVERSION = YES;
				GCC_WARN_ABOUT_RETURN_TYPE = YES_ERROR;
				GCC_WARN_UNDECLARED_SELECTOR = YES;
				GCC_WARN_UNINITIALIZED_AUTOS = YES_AGGRESSIVE;
				GCC_WARN_UNUSED_FUNCTION = YES;
				GCC_WARN_UNUSED_VARIABLE = YES;
				IPHONEOS_DEPLOYMENT_TARGET = 17.4;
				LOCALIZATION_PREFERS_STRING_CATALOGS = YES;
				MTL_ENABLE_DEBUG_INFO = NO;
				MTL_FAST_MATH = YES;
				SDKROOT = iphoneos;
				SWIFT_COMPILATION_MODE = wholemodule;
				VALIDATE_PRODUCT = YES;
			};
			name = Release;
		};
		8BFEC32F2BB602AA0007ED57 /* Debug */ = {
			isa = XCBuildConfiguration;
			buildSettings = {
				ASSETCATALOG_COMPILER_APPICON_NAME = AppIcon;
				ASSETCATALOG_COMPILER_GLOBAL_ACCENT_COLOR_NAME = AccentColor;
				CODE_SIGN_STYLE = Automatic;
				CURRENT_PROJECT_VERSION = 1;
				DEVELOPMENT_ASSET_PATHS = "\"VoiceMemo/Preview Content\"";
				DEVELOPMENT_TEAM = PS98A42LW7;
				ENABLE_PREVIEWS = YES;
				GENERATE_INFOPLIST_FILE = YES;
				INFOPLIST_FILE = VoiceMemo/Info.plist;
				INFOPLIST_KEY_UIApplicationSceneManifest_Generation = YES;
				INFOPLIST_KEY_UIApplicationSupportsIndirectInputEvents = YES;
				INFOPLIST_KEY_UILaunchScreen_Generation = YES;
				INFOPLIST_KEY_UILaunchStoryboardName = LaunchScreen;
				INFOPLIST_KEY_UIStatusBarStyle = UIStatusBarStyleLightContent;
				INFOPLIST_KEY_UISupportedInterfaceOrientations = UIInterfaceOrientationPortrait;
				IPHONEOS_DEPLOYMENT_TARGET = 16.0;
				LD_RUNPATH_SEARCH_PATHS = (
					"$(inherited)",
					"@executable_path/Frameworks",
				);
				MARKETING_VERSION = 1.0;
				PRODUCT_BUNDLE_IDENTIFIER = com.hazzy.VoiceMemo;
				PRODUCT_NAME = "$(TARGET_NAME)";
				SWIFT_EMIT_LOC_STRINGS = YES;
				SWIFT_VERSION = 5.0;
				TARGETED_DEVICE_FAMILY = "1,2";
			};
			name = Debug;
		};
		8BFEC3302BB602AA0007ED57 /* Release */ = {
			isa = XCBuildConfiguration;
			buildSettings = {
				ASSETCATALOG_COMPILER_APPICON_NAME = AppIcon;
				ASSETCATALOG_COMPILER_GLOBAL_ACCENT_COLOR_NAME = AccentColor;
				CODE_SIGN_STYLE = Automatic;
				CURRENT_PROJECT_VERSION = 1;
				DEVELOPMENT_ASSET_PATHS = "\"VoiceMemo/Preview Content\"";
				DEVELOPMENT_TEAM = PS98A42LW7;
				ENABLE_PREVIEWS = YES;
				GENERATE_INFOPLIST_FILE = YES;
				INFOPLIST_FILE = VoiceMemo/Info.plist;
				INFOPLIST_KEY_UIApplicationSceneManifest_Generation = YES;
				INFOPLIST_KEY_UIApplicationSupportsIndirectInputEvents = YES;
				INFOPLIST_KEY_UILaunchScreen_Generation = YES;
				INFOPLIST_KEY_UILaunchStoryboardName = LaunchScreen;
				INFOPLIST_KEY_UIStatusBarStyle = UIStatusBarStyleLightContent;
				INFOPLIST_KEY_UISupportedInterfaceOrientations = UIInterfaceOrientationPortrait;
				IPHONEOS_DEPLOYMENT_TARGET = 16.0;
				LD_RUNPATH_SEARCH_PATHS = (
					"$(inherited)",
					"@executable_path/Frameworks",
				);
				MARKETING_VERSION = 1.0;
				PRODUCT_BUNDLE_IDENTIFIER = com.hazzy.VoiceMemo;
				PRODUCT_NAME = "$(TARGET_NAME)";
				SWIFT_EMIT_LOC_STRINGS = YES;
				SWIFT_VERSION = 5.0;
				TARGETED_DEVICE_FAMILY = "1,2";
			};
			name = Release;
		};
/* End XCBuildConfiguration section */

/* Begin XCConfigurationList section */
		8BFEC31B2BB602A80007ED57 /* Build configuration list for PBXProject "VoiceMemo" */ = {
			isa = XCConfigurationList;
			buildConfigurations = (
				8BFEC32C2BB602AA0007ED57 /* Debug */,
				8BFEC32D2BB602AA0007ED57 /* Release */,
			);
			defaultConfigurationIsVisible = 0;
			defaultConfigurationName = Release;
		};
		8BFEC32E2BB602AA0007ED57 /* Build configuration list for PBXNativeTarget "VoiceMemo" */ = {
			isa = XCConfigurationList;
			buildConfigurations = (
				8BFEC32F2BB602AA0007ED57 /* Debug */,
				8BFEC3302BB602AA0007ED57 /* Release */,
			);
			defaultConfigurationIsVisible = 0;
			defaultConfigurationName = Release;
		};
/* End XCConfigurationList section */
	};
	rootObject = 8BFEC3182BB602A80007ED57 /* Project object */;
}
